PODS:
  - BrightFutures (3.0.0-beta.4):
    - Result (= 0.6-beta.1)
  - Cartography (0.6.0)
  - Firebase (2.4.1.1)
  - Result (0.6-beta.1)

DEPENDENCIES:
  - BrightFutures (from `https://github.com/Thomvis/BrightFutures`, branch `swift-2.0`)
  - Cartography (>= 0.6)
  - Firebase (>= 2.4.1)

EXTERNAL SOURCES:
  BrightFutures:
    :branch: swift-2.0
    :git: https://github.com/Thomvis/BrightFutures

CHECKOUT OPTIONS:
  BrightFutures:
    :commit: 9358eae556470b0f3ead2ab8e7cfb3d82291e72b
    :git: https://github.com/Thomvis/BrightFutures

SPEC CHECKSUMS:
  BrightFutures: 80426a07a47f286c3c83ea18c9a6bd4bbd4f3a27
  Cartography: 70af183a248547694a8cfaa6b989cb7e04589985
  Firebase: 47f921f251c8982d147d90f2845816b21f016acc
  Result: af24e3e57ab81005ec4221a53fd36dc1e7a52869

COCOAPODS: 0.39.0.rc.1
